// !$*UTF8*$!
{
	archiveVersion = 1;
	classes = {
	};
	objectVersion = 50;
	objects = {

/* Begin PBXBuildFile section */
		6F0C012522968ACD00F7D052 /* ViewControllerDelegate.swift in Sources */ = {isa = PBXBuildFile; fileRef = 6F0C012422968ACD00F7D052 /* ViewControllerDelegate.swift */; };
		6F0C0127229697A700F7D052 /* Functions.swift in Sources */ = {isa = PBXBuildFile; fileRef = 6F0C0126229697A700F7D052 /* Functions.swift */; };
		6F0C012E22969A5800F7D052 /* UITableView+Extensions.swift in Sources */ = {isa = PBXBuildFile; fileRef = 6F0C012C22969A5800F7D052 /* UITableView+Extensions.swift */; };
		6F0C013122969D9400F7D052 /* Constants.swift in Sources */ = {isa = PBXBuildFile; fileRef = 6F0C013022969D9400F7D052 /* Constants.swift */; };
		6F0E073A22953C3A0024C9FC /* DateFormatter+Extensions.swift in Sources */ = {isa = PBXBuildFile; fileRef = 6F0E073922953C3A0024C9FC /* DateFormatter+Extensions.swift */; };
		6F0E073C229547530024C9FC /* String+Extensions.swift in Sources */ = {isa = PBXBuildFile; fileRef = 6F0E073B229547530024C9FC /* String+Extensions.swift */; };
		6F12D9BF2297209800F2401D /* RootView.swift in Sources */ = {isa = PBXBuildFile; fileRef = 6F12D9BE2297209800F2401D /* RootView.swift */; };
		6F12D9C12297215800F2401D /* NoteTableViewCell.xib in Resources */ = {isa = PBXBuildFile; fileRef = 6F12D9C02297215800F2401D /* NoteTableViewCell.xib */; };
		6F12D9C822972D2A00F2401D /* UINib+Extensions.swift in Sources */ = {isa = PBXBuildFile; fileRef = 6F12D9C622972D2A00F2401D /* UINib+Extensions.swift */; };
		6F12D9C922972D2A00F2401D /* UIWindow+Extensions.swift in Sources */ = {isa = PBXBuildFile; fileRef = 6F12D9C722972D2A00F2401D /* UIWindow+Extensions.swift */; };
		6F12D9CC229736E400F2401D /* NoteListViewController.swift in Sources */ = {isa = PBXBuildFile; fileRef = 6F12D9CA229736E400F2401D /* NoteListViewController.swift */; };
		6F12D9CD229736E400F2401D /* NoteListViewController.xib in Resources */ = {isa = PBXBuildFile; fileRef = 6F12D9CB229736E400F2401D /* NoteListViewController.xib */; };
		6F12D9D3229745F200F2401D /* NoteViewController.swift in Sources */ = {isa = PBXBuildFile; fileRef = 6F12D9D1229745F200F2401D /* NoteViewController.swift */; };
		6F12D9D4229745F200F2401D /* NoteViewController.xib in Resources */ = {isa = PBXBuildFile; fileRef = 6F12D9D2229745F200F2401D /* NoteViewController.xib */; };
		6F471298228EB6280097E883 /* AppDelegate.swift in Sources */ = {isa = PBXBuildFile; fileRef = 6F471297228EB6280097E883 /* AppDelegate.swift */; };
		6F47129F228EB6290097E883 /* Assets.xcassets in Resources */ = {isa = PBXBuildFile; fileRef = 6F47129E228EB6290097E883 /* Assets.xcassets */; };
		6F4712A2228EB6290097E883 /* LaunchScreen.storyboard in Resources */ = {isa = PBXBuildFile; fileRef = 6F4712A0228EB6290097E883 /* LaunchScreen.storyboard */; };
		6F486ABE2292C455000A0171 /* Note.swift in Sources */ = {isa = PBXBuildFile; fileRef = 6F486ABD2292C455000A0171 /* Note.swift */; };
		6F486AC02292D22C000A0171 /* NoteTableViewCell.swift in Sources */ = {isa = PBXBuildFile; fileRef = 6F486ABF2292D22C000A0171 /* NoteTableViewCell.swift */; };
		6FCB7F42229EAA8A00B205F0 /* SearchViewController.swift in Sources */ = {isa = PBXBuildFile; fileRef = 6FCB7F41229EAA8A00B205F0 /* SearchViewController.swift */; };
/* End PBXBuildFile section */

/* Begin PBXFileReference section */
		6F0C012422968ACD00F7D052 /* ViewControllerDelegate.swift */ = {isa = PBXFileReference; lastKnownFileType = sourcecode.swift; path = ViewControllerDelegate.swift; sourceTree = "<group>"; };
		6F0C0126229697A700F7D052 /* Functions.swift */ = {isa = PBXFileReference; fileEncoding = 4; lastKnownFileType = sourcecode.swift; path = Functions.swift; sourceTree = "<group>"; };
		6F0C012C22969A5800F7D052 /* UITableView+Extensions.swift */ = {isa = PBXFileReference; fileEncoding = 4; lastKnownFileType = sourcecode.swift; path = "UITableView+Extensions.swift"; sourceTree = "<group>"; };
		6F0C013022969D9400F7D052 /* Constants.swift */ = {isa = PBXFileReference; lastKnownFileType = sourcecode.swift; path = Constants.swift; sourceTree = "<group>"; };
		6F0E073922953C3A0024C9FC /* DateFormatter+Extensions.swift */ = {isa = PBXFileReference; lastKnownFileType = sourcecode.swift; path = "DateFormatter+Extensions.swift"; sourceTree = "<group>"; };
		6F0E073B229547530024C9FC /* String+Extensions.swift */ = {isa = PBXFileReference; lastKnownFileType = sourcecode.swift; path = "String+Extensions.swift"; sourceTree = "<group>"; };
		6F12D9BE2297209800F2401D /* RootView.swift */ = {isa = PBXFileReference; lastKnownFileType = sourcecode.swift; path = RootView.swift; sourceTree = "<group>"; };
		6F12D9C02297215800F2401D /* NoteTableViewCell.xib */ = {isa = PBXFileReference; lastKnownFileType = file.xib; path = NoteTableViewCell.xib; sourceTree = "<group>"; };
		6F12D9C622972D2A00F2401D /* UINib+Extensions.swift */ = {isa = PBXFileReference; fileEncoding = 4; lastKnownFileType = sourcecode.swift; path = "UINib+Extensions.swift"; sourceTree = "<group>"; };
		6F12D9C722972D2A00F2401D /* UIWindow+Extensions.swift */ = {isa = PBXFileReference; fileEncoding = 4; lastKnownFileType = sourcecode.swift; path = "UIWindow+Extensions.swift"; sourceTree = "<group>"; };
		6F12D9CA229736E400F2401D /* NoteListViewController.swift */ = {isa = PBXFileReference; lastKnownFileType = sourcecode.swift; path = NoteListViewController.swift; sourceTree = "<group>"; };
		6F12D9CB229736E400F2401D /* NoteListViewController.xib */ = {isa = PBXFileReference; lastKnownFileType = file.xib; path = NoteListViewController.xib; sourceTree = "<group>"; };
		6F12D9D1229745F200F2401D /* NoteViewController.swift */ = {isa = PBXFileReference; lastKnownFileType = sourcecode.swift; path = NoteViewController.swift; sourceTree = "<group>"; };
		6F12D9D2229745F200F2401D /* NoteViewController.xib */ = {isa = PBXFileReference; lastKnownFileType = file.xib; path = NoteViewController.xib; sourceTree = "<group>"; };
		6F471294228EB6280097E883 /* NotesEvo.app */ = {isa = PBXFileReference; explicitFileType = wrapper.application; includeInIndex = 0; path = NotesEvo.app; sourceTree = BUILT_PRODUCTS_DIR; };
		6F471297228EB6280097E883 /* AppDelegate.swift */ = {isa = PBXFileReference; lastKnownFileType = sourcecode.swift; path = AppDelegate.swift; sourceTree = "<group>"; };
		6F47129E228EB6290097E883 /* Assets.xcassets */ = {isa = PBXFileReference; lastKnownFileType = folder.assetcatalog; path = Assets.xcassets; sourceTree = "<group>"; };
		6F4712A1228EB6290097E883 /* Base */ = {isa = PBXFileReference; lastKnownFileType = file.storyboard; name = Base; path = Base.lproj/LaunchScreen.storyboard; sourceTree = "<group>"; };
		6F4712A3228EB6290097E883 /* Info.plist */ = {isa = PBXFileReference; lastKnownFileType = text.plist.xml; path = Info.plist; sourceTree = "<group>"; };
		6F486ABD2292C455000A0171 /* Note.swift */ = {isa = PBXFileReference; lastKnownFileType = sourcecode.swift; path = Note.swift; sourceTree = "<group>"; };
		6F486ABF2292D22C000A0171 /* NoteTableViewCell.swift */ = {isa = PBXFileReference; lastKnownFileType = sourcecode.swift; path = NoteTableViewCell.swift; sourceTree = "<group>"; };
		6FCB7F41229EAA8A00B205F0 /* SearchViewController.swift */ = {isa = PBXFileReference; lastKnownFileType = sourcecode.swift; path = SearchViewController.swift; sourceTree = "<group>"; };
/* End PBXFileReference section */

/* Begin PBXFrameworksBuildPhase section */
		6F471291228EB6280097E883 /* Frameworks */ = {
			isa = PBXFrameworksBuildPhase;
			buildActionMask = 2147483647;
			files = (
			);
			runOnlyForDeploymentPostprocessing = 0;
		};
/* End PBXFrameworksBuildPhase section */

/* Begin PBXGroup section */
		6F0C012322968AA300F7D052 /* Protocols */ = {
			isa = PBXGroup;
			children = (
				6F0C012422968ACD00F7D052 /* ViewControllerDelegate.swift */,
				6F12D9BE2297209800F2401D /* RootView.swift */,
			);
			path = Protocols;
			sourceTree = "<group>";
		};
		6F0E073722953C020024C9FC /* Library */ = {
			isa = PBXGroup;
			children = (
				6F0C0126229697A700F7D052 /* Functions.swift */,
				6F0C012322968AA300F7D052 /* Protocols */,
				6F0E073822953C100024C9FC /* Extensions */,
			);
			path = Library;
			sourceTree = "<group>";
		};
		6F0E073822953C100024C9FC /* Extensions */ = {
			isa = PBXGroup;
			children = (
				6F12D9C622972D2A00F2401D /* UINib+Extensions.swift */,
				6F12D9C722972D2A00F2401D /* UIWindow+Extensions.swift */,
				6F0C012C22969A5800F7D052 /* UITableView+Extensions.swift */,
				6F0E073922953C3A0024C9FC /* DateFormatter+Extensions.swift */,
				6F0E073B229547530024C9FC /* String+Extensions.swift */,
			);
			path = Extensions;
			sourceTree = "<group>";
		};
		6F1098202293EBF4008F083F /* Views */ = {
			isa = PBXGroup;
			children = (
				6F12D9CE22973A0100F2401D /* NoteTableViewCell */,
			);
			path = Views;
			sourceTree = "<group>";
		};
		6F12D9CE22973A0100F2401D /* NoteTableViewCell */ = {
			isa = PBXGroup;
			children = (
				6F486ABF2292D22C000A0171 /* NoteTableViewCell.swift */,
				6F12D9C02297215800F2401D /* NoteTableViewCell.xib */,
			);
			path = NoteTableViewCell;
			sourceTree = "<group>";
		};
		6F12D9CF22973A1200F2401D /* NoteViewController */ = {
			isa = PBXGroup;
			children = (
				6F12D9D1229745F200F2401D /* NoteViewController.swift */,
				6F12D9D2229745F200F2401D /* NoteViewController.xib */,
			);
			path = NoteViewController;
			sourceTree = "<group>";
		};
		6F12D9D022973A2200F2401D /* NoteListViewController */ = {
			isa = PBXGroup;
			children = (
				6F12D9CA229736E400F2401D /* NoteListViewController.swift */,
				6F12D9CB229736E400F2401D /* NoteListViewController.xib */,
			);
			path = NoteListViewController;
			sourceTree = "<group>";
		};
		6F47128B228EB6280097E883 = {
			isa = PBXGroup;
			children = (
				6F471296228EB6280097E883 /* NotesEvo */,
				6F471295228EB6280097E883 /* Products */,
			);
			sourceTree = "<group>";
		};
		6F471295228EB6280097E883 /* Products */ = {
			isa = PBXGroup;
			children = (
				6F471294228EB6280097E883 /* NotesEvo.app */,
			);
			name = Products;
			sourceTree = "<group>";
		};
		6F471296228EB6280097E883 /* NotesEvo */ = {
			isa = PBXGroup;
			children = (
				6F486AB722929DE6000A0171 /* Supporting Files */,
				6F486AB622929DD6000A0171 /* Resource */,
				6F486AB522929DA5000A0171 /* Source */,
			);
			path = NotesEvo;
			sourceTree = "<group>";
		};
		6F486AB522929DA5000A0171 /* Source */ = {
			isa = PBXGroup;
			children = (
				6F486AB922929E0C000A0171 /* Models */,
				6F486AB822929E05000A0171 /* UI */,
			);
			path = Source;
			sourceTree = "<group>";
		};
		6F486AB622929DD6000A0171 /* Resource */ = {
			isa = PBXGroup;
			children = (
				6F47129E228EB6290097E883 /* Assets.xcassets */,
				6F4712A0228EB6290097E883 /* LaunchScreen.storyboard */,
				6F0C013022969D9400F7D052 /* Constants.swift */,
			);
			path = Resource;
			sourceTree = "<group>";
		};
		6F486AB722929DE6000A0171 /* Supporting Files */ = {
			isa = PBXGroup;
			children = (
				6F0E073722953C020024C9FC /* Library */,
				6F4712A3228EB6290097E883 /* Info.plist */,
				6F471297228EB6280097E883 /* AppDelegate.swift */,
			);
			path = "Supporting Files";
			sourceTree = "<group>";
		};
		6F486AB822929E05000A0171 /* UI */ = {
			isa = PBXGroup;
			children = (
				6F1098202293EBF4008F083F /* Views */,
				6F486ABA22929E2A000A0171 /* ViewControllers */,
			);
			path = UI;
			sourceTree = "<group>";
		};
		6F486AB922929E0C000A0171 /* Models */ = {
			isa = PBXGroup;
			children = (
				6F486ABD2292C455000A0171 /* Note.swift */,
			);
			path = Models;
			sourceTree = "<group>";
		};
		6F486ABA22929E2A000A0171 /* ViewControllers */ = {
			isa = PBXGroup;
			children = (
				6FCB7F40229EAA6100B205F0 /* SearchViewController */,
				6F12D9D022973A2200F2401D /* NoteListViewController */,
				6F12D9CF22973A1200F2401D /* NoteViewController */,
			);
			path = ViewControllers;
			sourceTree = "<group>";
		};
		6FCB7F40229EAA6100B205F0 /* SearchViewController */ = {
			isa = PBXGroup;
			children = (
				6FCB7F41229EAA8A00B205F0 /* SearchViewController.swift */,
			);
			path = SearchViewController;
			sourceTree = "<group>";
		};
/* End PBXGroup section */

/* Begin PBXNativeTarget section */
		6F471293228EB6280097E883 /* NotesEvo */ = {
			isa = PBXNativeTarget;
			buildConfigurationList = 6F4712A6228EB6290097E883 /* Build configuration list for PBXNativeTarget "NotesEvo" */;
			buildPhases = (
				6F471290228EB6280097E883 /* Sources */,
				6F471291228EB6280097E883 /* Frameworks */,
				6F471292228EB6280097E883 /* Resources */,
			);
			buildRules = (
			);
			dependencies = (
			);
			name = NotesEvo;
			productName = NotesEvo;
			productReference = 6F471294228EB6280097E883 /* NotesEvo.app */;
			productType = "com.apple.product-type.application";
		};
/* End PBXNativeTarget section */

/* Begin PBXProject section */
		6F47128C228EB6280097E883 /* Project object */ = {
			isa = PBXProject;
			attributes = {
				LastSwiftUpdateCheck = 1020;
				LastUpgradeCheck = 1020;
				ORGANIZATIONNAME = "Andrew Boychuk";
				TargetAttributes = {
					6F471293228EB6280097E883 = {
						CreatedOnToolsVersion = 10.2.1;
					};
				};
			};
			buildConfigurationList = 6F47128F228EB6280097E883 /* Build configuration list for PBXProject "NotesEvo" */;
			compatibilityVersion = "Xcode 9.3";
			developmentRegion = en;
			hasScannedForEncodings = 0;
			knownRegions = (
				en,
				Base,
			);
			mainGroup = 6F47128B228EB6280097E883;
			productRefGroup = 6F471295228EB6280097E883 /* Products */;
			projectDirPath = "";
			projectRoot = "";
			targets = (
				6F471293228EB6280097E883 /* NotesEvo */,
			);
		};
/* End PBXProject section */

/* Begin PBXResourcesBuildPhase section */
		6F471292228EB6280097E883 /* Resources */ = {
			isa = PBXResourcesBuildPhase;
			buildActionMask = 2147483647;
			files = (
				6F12D9CD229736E400F2401D /* NoteListViewController.xib in Resources */,
				6F4712A2228EB6290097E883 /* LaunchScreen.storyboard in Resources */,
				6F47129F228EB6290097E883 /* Assets.xcassets in Resources */,
				6F12D9D4229745F200F2401D /* NoteViewController.xib in Resources */,
				6F12D9C12297215800F2401D /* NoteTableViewCell.xib in Resources */,
			);
			runOnlyForDeploymentPostprocessing = 0;
		};
/* End PBXResourcesBuildPhase section */

/* Begin PBXSourcesBuildPhase section */
		6F471290228EB6280097E883 /* Sources */ = {
			isa = PBXSourcesBuildPhase;
			buildActionMask = 2147483647;
			files = (
				6FCB7F42229EAA8A00B205F0 /* SearchViewController.swift in Sources */,
				6F0C013122969D9400F7D052 /* Constants.swift in Sources */,
				6F0E073C229547530024C9FC /* String+Extensions.swift in Sources */,
				6F12D9C922972D2A00F2401D /* UIWindow+Extensions.swift in Sources */,
				6F0C0127229697A700F7D052 /* Functions.swift in Sources */,
				6F471298228EB6280097E883 /* AppDelegate.swift in Sources */,
				6F12D9CC229736E400F2401D /* NoteListViewController.swift in Sources */,
				6F12D9D3229745F200F2401D /* NoteViewController.swift in Sources */,
				6F0E073A22953C3A0024C9FC /* DateFormatter+Extensions.swift in Sources */,
				6F0C012E22969A5800F7D052 /* UITableView+Extensions.swift in Sources */,
				6F0C012522968ACD00F7D052 /* ViewControllerDelegate.swift in Sources */,
				6F12D9BF2297209800F2401D /* RootView.swift in Sources */,
				6F486ABE2292C455000A0171 /* Note.swift in Sources */,
				6F12D9C822972D2A00F2401D /* UINib+Extensions.swift in Sources */,
				6F486AC02292D22C000A0171 /* NoteTableViewCell.swift in Sources */,
			);
			runOnlyForDeploymentPostprocessing = 0;
		};
/* End PBXSourcesBuildPhase section */

/* Begin PBXVariantGroup section */
		6F4712A0228EB6290097E883 /* LaunchScreen.storyboard */ = {
			isa = PBXVariantGroup;
			children = (
				6F4712A1228EB6290097E883 /* Base */,
			);
			name = LaunchScreen.storyboard;
			sourceTree = "<group>";
		};
/* End PBXVariantGroup section */

/* Begin XCBuildConfiguration section */
		6F4712A4228EB6290097E883 /* Debug */ = {
			isa = XCBuildConfiguration;
			buildSettings = {
				ALWAYS_SEARCH_USER_PATHS = NO;
				CLANG_ANALYZER_NONNULL = YES;
				CLANG_ANALYZER_NUMBER_OBJECT_CONVERSION = YES_AGGRESSIVE;
				CLANG_CXX_LANGUAGE_STANDARD = "gnu++14";
				CLANG_CXX_LIBRARY = "libc++";
				CLANG_ENABLE_MODULES = YES;
				CLANG_ENABLE_OBJC_ARC = YES;
				CLANG_ENABLE_OBJC_WEAK = YES;
				CLANG_WARN_BLOCK_CAPTURE_AUTORELEASING = YES;
				CLANG_WARN_BOOL_CONVERSION = YES;
				CLANG_WARN_COMMA = YES;
				CLANG_WARN_CONSTANT_CONVERSION = YES;
				CLANG_WARN_DEPRECATED_OBJC_IMPLEMENTATIONS = YES;
				CLANG_WARN_DIRECT_OBJC_ISA_USAGE = YES_ERROR;
				CLANG_WARN_DOCUMENTATION_COMMENTS = YES;
				CLANG_WARN_EMPTY_BODY = YES;
				CLANG_WARN_ENUM_CONVERSION = YES;
				CLANG_WARN_INFINITE_RECURSION = YES;
				CLANG_WARN_INT_CONVERSION = YES;
				CLANG_WARN_NON_LITERAL_NULL_CONVERSION = YES;
				CLANG_WARN_OBJC_IMPLICIT_RETAIN_SELF = YES;
				CLANG_WARN_OBJC_LITERAL_CONVERSION = YES;
				CLANG_WARN_OBJC_ROOT_CLASS = YES_ERROR;
				CLANG_WARN_RANGE_LOOP_ANALYSIS = YES;
				CLANG_WARN_STRICT_PROTOTYPES = YES;
				CLANG_WARN_SUSPICIOUS_MOVE = YES;
				CLANG_WARN_UNGUARDED_AVAILABILITY = YES_AGGRESSIVE;
				CLANG_WARN_UNREACHABLE_CODE = YES;
				CLANG_WARN__DUPLICATE_METHOD_MATCH = YES;
				CODE_SIGN_IDENTITY = "iPhone Developer";
				COPY_PHASE_STRIP = NO;
				DEBUG_INFORMATION_FORMAT = dwarf;
				ENABLE_STRICT_OBJC_MSGSEND = YES;
				ENABLE_TESTABILITY = YES;
				GCC_C_LANGUAGE_STANDARD = gnu11;
				GCC_DYNAMIC_NO_PIC = NO;
				GCC_NO_COMMON_BLOCKS = YES;
				GCC_OPTIMIZATION_LEVEL = 0;
				GCC_PREPROCESSOR_DEFINITIONS = (
					"DEBUG=1",
					"$(inherited)",
				);
				GCC_WARN_64_TO_32_BIT_CONVERSION = YES;
				GCC_WARN_ABOUT_RETURN_TYPE = YES_ERROR;
				GCC_WARN_UNDECLARED_SELECTOR = YES;
				GCC_WARN_UNINITIALIZED_AUTOS = YES_AGGRESSIVE;
				GCC_WARN_UNUSED_FUNCTION = YES;
				GCC_WARN_UNUSED_VARIABLE = YES;
				IPHONEOS_DEPLOYMENT_TARGET = 11.0;
				MTL_ENABLE_DEBUG_INFO = INCLUDE_SOURCE;
				MTL_FAST_MATH = YES;
				ONLY_ACTIVE_ARCH = YES;
				SDKROOT = iphoneos;
				SWIFT_ACTIVE_COMPILATION_CONDITIONS = DEBUG;
				SWIFT_OPTIMIZATION_LEVEL = "-Onone";
			};
			name = Debug;
		};
		6F4712A5228EB6290097E883 /* Release */ = {
			isa = XCBuildConfiguration;
			buildSettings = {
				ALWAYS_SEARCH_USER_PATHS = NO;
				CLANG_ANALYZER_NONNULL = YES;
				CLANG_ANALYZER_NUMBER_OBJECT_CONVERSION = YES_AGGRESSIVE;
				CLANG_CXX_LANGUAGE_STANDARD = "gnu++14";
				CLANG_CXX_LIBRARY = "libc++";
				CLANG_ENABLE_MODULES = YES;
				CLANG_ENABLE_OBJC_ARC = YES;
				CLANG_ENABLE_OBJC_WEAK = YES;
				CLANG_WARN_BLOCK_CAPTURE_AUTORELEASING = YES;
				CLANG_WARN_BOOL_CONVERSION = YES;
				CLANG_WARN_COMMA = YES;
				CLANG_WARN_CONSTANT_CONVERSION = YES;
				CLANG_WARN_DEPRECATED_OBJC_IMPLEMENTATIONS = YES;
				CLANG_WARN_DIRECT_OBJC_ISA_USAGE = YES_ERROR;
				CLANG_WARN_DOCUMENTATION_COMMENTS = YES;
				CLANG_WARN_EMPTY_BODY = YES;
				CLANG_WARN_ENUM_CONVERSION = YES;
				CLANG_WARN_INFINITE_RECURSION = YES;
				CLANG_WARN_INT_CONVERSION = YES;
				CLANG_WARN_NON_LITERAL_NULL_CONVERSION = YES;
				CLANG_WARN_OBJC_IMPLICIT_RETAIN_SELF = YES;
				CLANG_WARN_OBJC_LITERAL_CONVERSION = YES;
				CLANG_WARN_OBJC_ROOT_CLASS = YES_ERROR;
				CLANG_WARN_RANGE_LOOP_ANALYSIS = YES;
				CLANG_WARN_STRICT_PROTOTYPES = YES;
				CLANG_WARN_SUSPICIOUS_MOVE = YES;
				CLANG_WARN_UNGUARDED_AVAILABILITY = YES_AGGRESSIVE;
				CLANG_WARN_UNREACHABLE_CODE = YES;
				CLANG_WARN__DUPLICATE_METHOD_MATCH = YES;
				CODE_SIGN_IDENTITY = "iPhone Developer";
				COPY_PHASE_STRIP = NO;
				DEBUG_INFORMATION_FORMAT = "dwarf-with-dsym";
				ENABLE_NS_ASSERTIONS = NO;
				ENABLE_STRICT_OBJC_MSGSEND = YES;
				GCC_C_LANGUAGE_STANDARD = gnu11;
				GCC_NO_COMMON_BLOCKS = YES;
				GCC_WARN_64_TO_32_BIT_CONVERSION = YES;
				GCC_WARN_ABOUT_RETURN_TYPE = YES_ERROR;
				GCC_WARN_UNDECLARED_SELECTOR = YES;
				GCC_WARN_UNINITIALIZED_AUTOS = YES_AGGRESSIVE;
				GCC_WARN_UNUSED_FUNCTION = YES;
				GCC_WARN_UNUSED_VARIABLE = YES;
				IPHONEOS_DEPLOYMENT_TARGET = 11.0;
				MTL_ENABLE_DEBUG_INFO = NO;
				MTL_FAST_MATH = YES;
				SDKROOT = iphoneos;
				SWIFT_COMPILATION_MODE = wholemodule;
				SWIFT_OPTIMIZATION_LEVEL = "-O";
				VALIDATE_PRODUCT = YES;
			};
			name = Release;
		};
		6F4712A7228EB6290097E883 /* Debug */ = {
			isa = XCBuildConfiguration;
			buildSettings = {
				ASSETCATALOG_COMPILER_APPICON_NAME = AppIcon;
				CODE_SIGN_STYLE = Automatic;
				DEVELOPMENT_TEAM = 52PA7U84PR;
				INFOPLIST_FILE = "$(SRCROOT)/NotesEvo/Supporting Files/Info.plist";
				IPHONEOS_DEPLOYMENT_TARGET = 11.0;
				LD_RUNPATH_SEARCH_PATHS = (
					"$(inherited)",
					"@executable_path/Frameworks",
				);
				PRODUCT_BUNDLE_IDENTIFIER = com.andrewboychuk.NotesEvo;
				PRODUCT_NAME = "$(TARGET_NAME)";
				SWIFT_VERSION = 5.0;
				TARGETED_DEVICE_FAMILY = 1;
			};
			name = Debug;
		};
		6F4712A8228EB6290097E883 /* Release */ = {
			isa = XCBuildConfiguration;
			buildSettings = {
				ASSETCATALOG_COMPILER_APPICON_NAME = AppIcon;
				CODE_SIGN_STYLE = Automatic;
				DEVELOPMENT_TEAM = 52PA7U84PR;
				INFOPLIST_FILE = "$(SRCROOT)/NotesEvo/Supporting Files/Info.plist";
				IPHONEOS_DEPLOYMENT_TARGET = 11.0;
				LD_RUNPATH_SEARCH_PATHS = (
					"$(inherited)",
					"@executable_path/Frameworks",
				);
				PRODUCT_BUNDLE_IDENTIFIER = com.andrewboychuk.NotesEvo;
				PRODUCT_NAME = "$(TARGET_NAME)";
				SWIFT_VERSION = 5.0;
				TARGETED_DEVICE_FAMILY = 1;
			};
			name = Release;
		};
/* End XCBuildConfiguration section */

/* Begin XCConfigurationList section */
		6F47128F228EB6280097E883 /* Build configuration list for PBXProject "NotesEvo" */ = {
			isa = XCConfigurationList;
			buildConfigurations = (
				6F4712A4228EB6290097E883 /* Debug */,
				6F4712A5228EB6290097E883 /* Release */,
			);
			defaultConfigurationIsVisible = 0;
			defaultConfigurationName = Release;
		};
		6F4712A6228EB6290097E883 /* Build configuration list for PBXNativeTarget "NotesEvo" */ = {
			isa = XCConfigurationList;
			buildConfigurations = (
				6F4712A7228EB6290097E883 /* Debug */,
				6F4712A8228EB6290097E883 /* Release */,
			);
			defaultConfigurationIsVisible = 0;
			defaultConfigurationName = Release;
		};
/* End XCConfigurationList section */
	};
	rootObject = 6F47128C228EB6280097E883 /* Project object */;
}
